<?xml version="1.0" encoding="utf-8"?>
<Project ToolsVersion="4.0" xmlns="http://schemas.microsoft.com/developer/msbuild/2003">
  <ItemGroup>
    <Filter Include="Source Files">
      <UniqueIdentifier>{4FC737F1-C7A5-4376-A066-2A32D752A2FF}</UniqueIdentifier>
      <Extensions>cpp;c;cc;cxx;def;odl;idl;hpj;bat;asm;asmx</Extensions>
    </Filter>
    <Filter Include="Header Files">
      <UniqueIdentifier>{93995380-89BD-4b04-88EB-625FBE52EBFB}</UniqueIdentifier>
      <Extensions>h;hh;hpp;hxx;hm;inl;inc;xsd</Extensions>
    </Filter>
    <Filter Include="Resource Files">
      <UniqueIdentifier>{67DA6AB6-F800-4c08-8B7A-83BB121AAD01}</UniqueIdentifier>
      <Extensions>rc;ico;cur;bmp;dlg;rc2;rct;bin;rgs;gif;jpg;jpeg;jpe;resx;tiff;tif;png;wav;mfcribbon-ms</Extensions>
    </Filter>
    <Filter Include="Resource Files\Splash Screens">
      <UniqueIdentifier>{1993cb1d-76bb-47f9-aaa8-cfd612552add}</UniqueIdentifier>
    </Filter>
    <Filter Include="Resource Files\Settings">
      <UniqueIdentifier>{b206e8b0-06d9-4559-af38-5cd9222c2ab7}</UniqueIdentifier>
    </Filter>
    <Filter Include="Header Files\Interfaces">
      <UniqueIdentifier>{67b42ef6-bbf0-41ed-a3c8-a275e0991406}</UniqueIdentifier>
    </Filter>
    <Filter Include="Header Files\Windowing">
      <UniqueIdentifier>{db6df30d-bc7e-4c9e-bfe9-dd3be0be3ed8}</UniqueIdentifier>
    </Filter>
    <Filter Include="Header Files\System Management">
      <UniqueIdentifier>{db1accae-4fa7-40fb-aef9-7550e8cc7d51}</UniqueIdentifier>
    </Filter>
    <Filter Include="Header Files\Interfaces\Text">
      <UniqueIdentifier>{81eaef16-5cb3-4c9b-b13b-6bc0c1cab679}</UniqueIdentifier>
    </Filter>
    <Filter Include="Source Files\Interfaces">
      <UniqueIdentifier>{1feb3c29-0db3-4ee3-b845-e7de229a3fad}</UniqueIdentifier>
    </Filter>
    <Filter Include="Source Files\Interfaces\Text">
      <UniqueIdentifier>{d50eaa4b-4681-4d5d-a756-5a5af65bfa59}</UniqueIdentifier>
    </Filter>
    <Filter Include="Source Files\System Management">
      <UniqueIdentifier>{8030fd4b-a6ed-49d2-ba55-bd45208af029}</UniqueIdentifier>
    </Filter>
    <Filter Include="Source Files\Windowing">
      <UniqueIdentifier>{b68c97b4-e0a4-4f4f-9881-99a8f360764d}</UniqueIdentifier>
    </Filter>
    <Filter Include="Header Files\Graphics">
      <UniqueIdentifier>{c22cc8fe-dc96-4d50-bb2f-425122c5de9f}</UniqueIdentifier>
    </Filter>
    <Filter Include="Source Files\Graphics">
      <UniqueIdentifier>{b3fc3b09-c5ba-4e8d-9ac0-86a1e69c7da4}</UniqueIdentifier>
    </Filter>
    <Filter Include="Source Files\Data">
      <UniqueIdentifier>{0b051c5a-bd63-49ff-80de-0528348691e4}</UniqueIdentifier>
    </Filter>
    <Filter Include="Header Files\Data">
      <UniqueIdentifier>{52ab6a79-2c33-45f3-a26c-8ff70b295e00}</UniqueIdentifier>
    </Filter>
    <Filter Include="Resource Files\github">
      <UniqueIdentifier>{39a944f9-04b7-47d8-8d5f-ba44826ad8ac}</UniqueIdentifier>
    </Filter>
    <Filter Include="Resource Files\Graphics">
      <UniqueIdentifier>{a36cd117-6c48-4b8f-ac4b-2be171685f4a}</UniqueIdentifier>
    </Filter>
    <Filter Include="Resource Files\Graphics\Text">
      <UniqueIdentifier>{2a95021b-3032-4800-9ca3-bb670d837030}</UniqueIdentifier>
    </Filter>
    <Filter Include="Header Files\Interfaces\Text\Box Contents">
      <UniqueIdentifier>{1f55c720-f9c4-4878-ab43-9fec91aa952f}</UniqueIdentifier>
    </Filter>
    <Filter Include="Source Files\Interfaces\Text\Box Contents">
      <UniqueIdentifier>{48bbc93f-40c1-4b7d-ba5f-e476449f873c}</UniqueIdentifier>
    </Filter>
    <Filter Include="Header Files\Interfaces\Types">
      <UniqueIdentifier>{9be5d744-334c-4924-81f6-9b52238c4798}</UniqueIdentifier>
    </Filter>
    <Filter Include="Source Files\Interfaces\Types">
      <UniqueIdentifier>{3b0e9851-946d-4c5a-a7e2-84f63ebd8899}</UniqueIdentifier>
    </Filter>
    <Filter Include="Header Files\Interfaces\Types\Menu">
      <UniqueIdentifier>{7dbb6f5c-c954-40b3-a588-5f720ce1297b}</UniqueIdentifier>
    </Filter>
    <Filter Include="Source Files\Interfaces\Types\Menu">
      <UniqueIdentifier>{91a89592-cf05-48e5-a031-6c30aa52cc0e}</UniqueIdentifier>
    </Filter>
    <Filter Include="Source Files\Interfaces\Types\Pause">
      <UniqueIdentifier>{055a74a2-e587-429a-95cb-d956d42bd5f2}</UniqueIdentifier>
    </Filter>
    <Filter Include="Header Files\Interfaces\Types\Pause">
      <UniqueIdentifier>{0ebfef8e-5ff7-4b9b-9279-76eeb9ed849c}</UniqueIdentifier>
    </Filter>
  </ItemGroup>
  <ItemGroup>
    <Text Include="ReadMe.txt" />
    <Text Include="Settings\gamecontrollerdb.txt">
      <Filter>Resource Files\Settings</Filter>
    </Text>
  </ItemGroup>
  <ItemGroup>
    <ClInclude Include="stdafx.h">
      <Filter>Header Files</Filter>
    </ClInclude>
    <ClInclude Include="targetver.h">
      <Filter>Header Files</Filter>
    </ClInclude>
    <ClInclude Include="constants.h">
      <Filter>Header Files</Filter>
    </ClInclude>
    <ClInclude Include="command_base.h">
      <Filter>Header Files</Filter>
    </ClInclude>
    <ClInclude Include="window.h">
      <Filter>Header Files\Windowing</Filter>
    </ClInclude>
    <ClInclude Include="splash_screen.h">
      <Filter>Header Files\Windowing</Filter>
    </ClInclude>
    <ClInclude Include="game.h">
      <Filter>Header Files\System Management</Filter>
    </ClInclude>
    <ClInclude Include="event_manager.h">
      <Filter>Header Files\System Management</Filter>
    </ClInclude>
    <ClInclude Include="initilizer_of_sdl.h">
      <Filter>Header Files\System Management</Filter>
    </ClInclude>
    <ClInclude Include="console_messenger.h">
      <Filter>Header Files\System Management</Filter>
    </ClInclude>
    <ClInclude Include="sprite_sheet.h">
      <Filter>Header Files\Graphics</Filter>
    </ClInclude>
    <ClInclude Include="sprite.h">
      <Filter>Header Files\Graphics</Filter>
    </ClInclude>
    <ClInclude Include="color_key.h">
      <Filter>Header Files\System Management</Filter>
    </ClInclude>
    <ClInclude Include="text_character.h">
      <Filter>Header Files\Interfaces\Text</Filter>
    </ClInclude>
    <ClInclude Include="text_line.h">
      <Filter>Header Files\Interfaces\Text</Filter>
    </ClInclude>
    <ClInclude Include="text.h">
      <Filter>Header Files\Interfaces\Text</Filter>
    </ClInclude>
    <ClInclude Include="text_box.h">
      <Filter>Header Files\Interfaces\Text</Filter>
    </ClInclude>
    <ClInclude Include="play_data.h">
      <Filter>Header Files\Data</Filter>
    </ClInclude>
    <ClInclude Include="random.h">
      <Filter>Header Files</Filter>
    </ClInclude>
    <ClInclude Include="helper_functions.h">
      <Filter>Header Files</Filter>
    </ClInclude>
    <ClInclude Include="scaler.h">
      <Filter>Header Files\Windowing</Filter>
    </ClInclude>
    <ClInclude Include="uint8_t_string.h">
      <Filter>Header Files\Interfaces\Text</Filter>
    </ClInclude>
    <ClInclude Include="box_contents.h">
      <Filter>Header Files\Interfaces\Text\Box Contents</Filter>
    </ClInclude>
    <ClInclude Include="text_selectable_list.h">
      <Filter>Header Files\Interfaces\Text\Box Contents</Filter>
    </ClInclude>
    <ClInclude Include="save_load_menu.h">
      <Filter>Header Files\Interfaces\Types</Filter>
    </ClInclude>
    <ClInclude Include="combat.h">
      <Filter>Header Files\Interfaces\Types</Filter>
    </ClInclude>
    <ClInclude Include="game_map.h">
      <Filter>Header Files\Interfaces\Types</Filter>
    </ClInclude>
    <ClInclude Include="game_over.h">
      <Filter>Header Files\Interfaces\Types</Filter>
    </ClInclude>
    <ClInclude Include="interface_base.h">
      <Filter>Header Files\Interfaces\Types</Filter>
    </ClInclude>
    <ClInclude Include="item_creation.h">
      <Filter>Header Files\Interfaces\Types</Filter>
    </ClInclude>
    <ClInclude Include="main_menu.h">
      <Filter>Header Files\Interfaces\Types</Filter>
    </ClInclude>
    <ClInclude Include="menu.h">
      <Filter>Header Files\Interfaces\Types\Menu</Filter>
    </ClInclude>
    <ClInclude Include="money_display.h">
      <Filter>Header Files\Interfaces\Text\Box Contents</Filter>
    </ClInclude>
    <ClInclude Include="generic_text.h">
      <Filter>Header Files\Interfaces\Text\Box Contents</Filter>
    </ClInclude>
    <ClInclude Include="pause.h">
      <Filter>Header Files\Interfaces\Types\Pause</Filter>
    </ClInclude>
  </ItemGroup>
  <ItemGroup>
    <ClCompile Include="stdafx.cpp">
      <Filter>Source Files</Filter>
    </ClCompile>
    <ClCompile Include="RPG.cpp">
      <Filter>Source Files</Filter>
    </ClCompile>
    <ClCompile Include="window.cpp">
      <Filter>Source Files\Windowing</Filter>
    </ClCompile>
    <ClCompile Include="console_messenger.cpp">
      <Filter>Source Files\System Management</Filter>
    </ClCompile>
    <ClCompile Include="event_manager.cpp">
      <Filter>Source Files\System Management</Filter>
    </ClCompile>
    <ClCompile Include="initializer_of_sdl.cpp">
      <Filter>Source Files\System Management</Filter>
    </ClCompile>
    <ClCompile Include="game.cpp">
      <Filter>Source Files\System Management</Filter>
    </ClCompile>
    <ClCompile Include="sprite_sheet.cpp">
      <Filter>Source Files\Graphics</Filter>
    </ClCompile>
    <ClCompile Include="sprite.cpp">
      <Filter>Source Files\Graphics</Filter>
    </ClCompile>
    <ClCompile Include="text_character.cpp">
      <Filter>Source Files\Interfaces\Text</Filter>
    </ClCompile>
    <ClCompile Include="text.cpp">
      <Filter>Source Files\Interfaces\Text</Filter>
    </ClCompile>
    <ClCompile Include="text_box.cpp">
      <Filter>Source Files\Interfaces\Text</Filter>
    </ClCompile>
    <ClCompile Include="play_data.cpp">
      <Filter>Source Files\Data</Filter>
    </ClCompile>
    <ClCompile Include="random.cpp">
      <Filter>Source Files</Filter>
    </ClCompile>
    <ClCompile Include="scaler.cpp">
      <Filter>Source Files\Windowing</Filter>
    </ClCompile>
    <ClCompile Include="uint8_t_string.cpp">
      <Filter>Source Files\Interfaces\Text</Filter>
    </ClCompile>
    <ClCompile Include="box_contents.cpp">
      <Filter>Source Files\Interfaces\Text\Box Contents</Filter>
    </ClCompile>
    <ClCompile Include="text_selectable_list.cpp">
      <Filter>Source Files\Interfaces\Text\Box Contents</Filter>
    </ClCompile>
    <ClCompile Include="text_line.cpp">
      <Filter>Source Files\Interfaces\Text</Filter>
    </ClCompile>
    <ClCompile Include="save_load_menu.cpp">
      <Filter>Source Files\Interfaces\Types</Filter>
    </ClCompile>
    <ClCompile Include="combat.cpp">
      <Filter>Source Files\Interfaces\Types</Filter>
    </ClCompile>
    <ClCompile Include="game_map.cpp">
      <Filter>Source Files\Interfaces\Types</Filter>
    </ClCompile>
    <ClCompile Include="game_over.cpp">
      <Filter>Source Files\Interfaces\Types</Filter>
    </ClCompile>
    <ClCompile Include="interface_base.cpp">
      <Filter>Source Files\Interfaces\Types</Filter>
    </ClCompile>
    <ClCompile Include="item_creation.cpp">
      <Filter>Source Files\Interfaces\Types</Filter>
    </ClCompile>
    <ClCompile Include="main_menu.cpp">
      <Filter>Source Files\Interfaces\Types</Filter>
    </ClCompile>
    <ClCompile Include="menu.cpp">
      <Filter>Source Files\Interfaces\Types\Menu</Filter>
    </ClCompile>
    <ClCompile Include="money_display.cpp">
      <Filter>Source Files\Interfaces\Text\Box Contents</Filter>
    </ClCompile>
    <ClCompile Include="generic_text.cpp">
      <Filter>Source Files\Interfaces\Text\Box Contents</Filter>
    </ClCompile>
    <ClCompile Include="pause.cpp">
      <Filter>Source Files\Interfaces\Types\Pause</Filter>
    </ClCompile>
  </ItemGroup>
  <ItemGroup>
    <None Include="packages.config" />
    <None Include="..\README.md5">
      <Filter>Resource Files\github</Filter>
    </None>
    <None Include="Settings\keyboard.mapping.bin">
      <Filter>Resource Files\Settings</Filter>
    </None>
    <None Include="Graphics\text_normal.xcf">
      <Filter>Resource Files\Graphics\Text</Filter>
    </None>
    <None Include="..\LICENSE.md5">
      <Filter>Resource Files\github</Filter>
    </None>
    <None Include="Graphics\text_grayed.xcf">
      <Filter>Resource Files\Graphics\Text</Filter>
    </None>
    <None Include="Graphics\text_highlight.xcf">
      <Filter>Resource Files\Graphics\Text</Filter>
    </None>
  </ItemGroup>
  <ItemGroup>
    <Image Include="splash1_test.bmp">
      <Filter>Resource Files\Splash Screens</Filter>
    </Image>
    <Image Include="splash2_test.bmp">
      <Filter>Resource Files\Splash Screens</Filter>
    </Image>
    <Image Include="tech_splash.bmp">
      <Filter>Resource Files\Splash Screens</Filter>
    </Image>
    <Image Include="Graphics\Icon.bmp">
      <Filter>Resource Files\Graphics</Filter>
    </Image>
    <Image Include="Graphics\splash2_test.bmp">
      <Filter>Resource Files\Graphics</Filter>
    </Image>
    <Image Include="Graphics\splash1_test.bmp">
      <Filter>Resource Files\Graphics</Filter>
    </Image>
    <Image Include="Graphics\text_normal.bmp">
      <Filter>Resource Files\Graphics\Text</Filter>
    </Image>
    <Image Include="Graphics\text_grayed.bmp">
      <Filter>Resource Files\Graphics\Text</Filter>
    </Image>
    <Image Include="Graphics\text_highlight.bmp">
      <Filter>Resource Files\Graphics\Text</Filter>
    </Image>
  </ItemGroup>
</Project>